// !$*UTF8*$!
{
	archiveVersion = 1;
	classes = {
	};
	objectVersion = 46;
	objects = {

/* Begin PBXBuildFile section */
		E31529EB1CCFB6E1005D092F /* main.m in Sources */ = {isa = PBXBuildFile; fileRef = E31529EA1CCFB6E1005D092F /* main.m */; };
		E31529EE1CCFB6E1005D092F /* AppDelegate.m in Sources */ = {isa = PBXBuildFile; fileRef = E31529ED1CCFB6E1005D092F /* AppDelegate.m */; };
		E31529F11CCFB6E1005D092F /* ViewController.m in Sources */ = {isa = PBXBuildFile; fileRef = E31529F01CCFB6E1005D092F /* ViewController.m */; };
		E31529F41CCFB6E2005D092F /* Main.storyboard in Resources */ = {isa = PBXBuildFile; fileRef = E31529F21CCFB6E2005D092F /* Main.storyboard */; };
		E31529F61CCFB6E2005D092F /* Assets.xcassets in Resources */ = {isa = PBXBuildFile; fileRef = E31529F51CCFB6E2005D092F /* Assets.xcassets */; };
		E31529F91CCFB6E2005D092F /* LaunchScreen.storyboard in Resources */ = {isa = PBXBuildFile; fileRef = E31529F71CCFB6E2005D092F /* LaunchScreen.storyboard */; };
		E3152A021CCFC00A005D092F /* FormValidator.m in Sources */ = {isa = PBXBuildFile; fileRef = E3152A011CCFC00A005D092F /* FormValidator.m */; };
		E3EB66E21CD0303F00AE0C36 /* valid.json in Resources */ = {isa = PBXBuildFile; fileRef = E3EB66E11CD0303F00AE0C36 /* valid.json */; };
/* End PBXBuildFile section */

/* Begin PBXFileReference section */
		E31529E61CCFB6E1005D092F /* FormValidator.app */ = {isa = PBXFileReference; explicitFileType = wrapper.application; includeInIndex = 0; path = FormValidator.app; sourceTree = BUILT_PRODUCTS_DIR; };
		E31529EA1CCFB6E1005D092F /* main.m */ = {isa = PBXFileReference; lastKnownFileType = sourcecode.c.objc; path = main.m; sourceTree = "<group>"; };
		E31529EC1CCFB6E1005D092F /* AppDelegate.h */ = {isa = PBXFileReference; lastKnownFileType = sourcecode.c.h; path = AppDelegate.h; sourceTree = "<group>"; };
		E31529ED1CCFB6E1005D092F /* AppDelegate.m */ = {isa = PBXFileReference; lastKnownFileType = sourcecode.c.objc; path = AppDelegate.m; sourceTree = "<group>"; };
		E31529EF1CCFB6E1005D092F /* ViewController.h */ = {isa = PBXFileReference; lastKnownFileType = sourcecode.c.h; path = ViewController.h; sourceTree = "<group>"; };
		E31529F01CCFB6E1005D092F /* ViewController.m */ = {isa = PBXFileReference; lastKnownFileType = sourcecode.c.objc; path = ViewController.m; sourceTree = "<group>"; };
		E31529F31CCFB6E2005D092F /* Base */ = {isa = PBXFileReference; lastKnownFileType = file.storyboard; name = Base; path = Base.lproj/Main.storyboard; sourceTree = "<group>"; };
		E31529F51CCFB6E2005D092F /* Assets.xcassets */ = {isa = PBXFileReference; lastKnownFileType = folder.assetcatalog; path = Assets.xcassets; sourceTree = "<group>"; };
		E31529F81CCFB6E2005D092F /* Base */ = {isa = PBXFileReference; lastKnownFileType = file.storyboard; name = Base; path = Base.lproj/LaunchScreen.storyboard; sourceTree = "<group>"; };
		E31529FA1CCFB6E2005D092F /* Info.plist */ = {isa = PBXFileReference; lastKnownFileType = text.plist.xml; path = Info.plist; sourceTree = "<group>"; };
		E3152A001CCFC00A005D092F /* FormValidator.h */ = {isa = PBXFileReference; fileEncoding = 4; lastKnownFileType = sourcecode.c.h; path = FormValidator.h; sourceTree = "<group>"; };
		E3152A011CCFC00A005D092F /* FormValidator.m */ = {isa = PBXFileReference; fileEncoding = 4; lastKnownFileType = sourcecode.c.objc; path = FormValidator.m; sourceTree = "<group>"; };
		E3EB66E11CD0303F00AE0C36 /* valid.json */ = {isa = PBXFileReference; fileEncoding = 4; lastKnownFileType = text.json; path = valid.json; sourceTree = "<group>"; };
/* End PBXFileReference section */

/* Begin PBXFrameworksBuildPhase section */
		E31529E31CCFB6E1005D092F /* Frameworks */ = {
			isa = PBXFrameworksBuildPhase;
			buildActionMask = 2147483647;
			files = (
			);
			runOnlyForDeploymentPostprocessing = 0;
		};
/* End PBXFrameworksBuildPhase section */

/* Begin PBXGroup section */
		E31529DD1CCFB6E1005D092F = {
			isa = PBXGroup;
			children = (
				E31529E81CCFB6E1005D092F /* FormValidator */,
				E31529E71CCFB6E1005D092F /* Products */,
			);
			sourceTree = "<group>";
		};
		E31529E71CCFB6E1005D092F /* Products */ = {
			isa = PBXGroup;
			children = (
				E31529E61CCFB6E1005D092F /* FormValidator.app */,
			);
			name = Products;
			sourceTree = "<group>";
		};
		E31529E81CCFB6E1005D092F /* FormValidator */ = {
			isa = PBXGroup;
			children = (
				E31529EC1CCFB6E1005D092F /* AppDelegate.h */,
				E31529ED1CCFB6E1005D092F /* AppDelegate.m */,
				E31529EF1CCFB6E1005D092F /* ViewController.h */,
				E31529F01CCFB6E1005D092F /* ViewController.m */,
				E3152A001CCFC00A005D092F /* FormValidator.h */,
				E3152A011CCFC00A005D092F /* FormValidator.m */,
				E31529F21CCFB6E2005D092F /* Main.storyboard */,
				E31529F51CCFB6E2005D092F /* Assets.xcassets */,
				E3EB66E11CD0303F00AE0C36 /* valid.json */,
				E31529F71CCFB6E2005D092F /* LaunchScreen.storyboard */,
				E31529FA1CCFB6E2005D092F /* Info.plist */,
				E31529E91CCFB6E1005D092F /* Supporting Files */,
			);
			path = FormValidator;
			sourceTree = "<group>";
		};
		E31529E91CCFB6E1005D092F /* Supporting Files */ = {
			isa = PBXGroup;
			children = (
				E31529EA1CCFB6E1005D092F /* main.m */,
			);
			name = "Supporting Files";
			sourceTree = "<group>";
		};
/* End PBXGroup section */

/* Begin PBXNativeTarget section */
		E31529E51CCFB6E1005D092F /* FormValidator */ = {
			isa = PBXNativeTarget;
			buildConfigurationList = E31529FD1CCFB6E2005D092F /* Build configuration list for PBXNativeTarget "FormValidator" */;
			buildPhases = (
				E31529E21CCFB6E1005D092F /* Sources */,
				E31529E31CCFB6E1005D092F /* Frameworks */,
				E31529E41CCFB6E1005D092F /* Resources */,
			);
			buildRules = (
			);
			dependencies = (
			);
			name = FormValidator;
			productName = FormValidator;
			productReference = E31529E61CCFB6E1005D092F /* FormValidator.app */;
			productType = "com.apple.product-type.application";
		};
/* End PBXNativeTarget section */

/* Begin PBXProject section */
		E31529DE1CCFB6E1005D092F /* Project object */ = {
			isa = PBXProject;
			attributes = {
				LastUpgradeCheck = 0730;
				ORGANIZATIONNAME = "Tom Williamson";
				TargetAttributes = {
					E31529E51CCFB6E1005D092F = {
						CreatedOnToolsVersion = 7.3;
					};
				};
			};
			buildConfigurationList = E31529E11CCFB6E1005D092F /* Build configuration list for PBXProject "FormValidator" */;
			compatibilityVersion = "Xcode 3.2";
			developmentRegion = English;
			hasScannedForEncodings = 0;
			knownRegions = (
				en,
				Base,
			);
			mainGroup = E31529DD1CCFB6E1005D092F;
			productRefGroup = E31529E71CCFB6E1005D092F /* Products */;
			projectDirPath = "";
			projectRoot = "";
			targets = (
				E31529E51CCFB6E1005D092F /* FormValidator */,
			);
		};
/* End PBXProject section */

/* Begin PBXResourcesBuildPhase section */
		E31529E41CCFB6E1005D092F /* Resources */ = {
			isa = PBXResourcesBuildPhase;
			buildActionMask = 2147483647;
			files = (
				E31529F91CCFB6E2005D092F /* LaunchScreen.storyboard in Resources */,
				E31529F61CCFB6E2005D092F /* Assets.xcassets in Resources */,
				E3EB66E21CD0303F00AE0C36 /* valid.json in Resources */,
				E31529F41CCFB6E2005D092F /* Main.storyboard in Resources */,
			);
			runOnlyForDeploymentPostprocessing = 0;
		};
/* End PBXResourcesBuildPhase section */

/* Begin PBXSourcesBuildPhase section */
		E31529E21CCFB6E1005D092F /* Sources */ = {
			isa = PBXSourcesBuildPhase;
			buildActionMask = 2147483647;
			files = (
				E3152A021CCFC00A005D092F /* FormValidator.m in Sources */,
				E31529F11CCFB6E1005D092F /* ViewController.m in Sources */,
				E31529EE1CCFB6E1005D092F /* AppDelegate.m in Sources */,
				E31529EB1CCFB6E1005D092F /* main.m in Sources */,
			);
			runOnlyForDeploymentPostprocessing = 0;
		};
/* End PBXSourcesBuildPhase section */

/* Begin PBXVariantGroup section */
		E31529F21CCFB6E2005D092F /* Main.storyboard */ = {
			isa = PBXVariantGroup;
			children = (
				E31529F31CCFB6E2005D092F /* Base */,
			);
			name = Main.storyboard;
			sourceTree = "<group>";
		};
		E31529F71CCFB6E2005D092F /* LaunchScreen.storyboard */ = {
			isa = PBXVariantGroup;
			children = (
				E31529F81CCFB6E2005D092F /* Base */,
			);
			name = LaunchScreen.storyboard;
			sourceTree = "<group>";
		};
/* End PBXVariantGroup section */

/* Begin XCBuildConfiguration section */
		E31529FB1CCFB6E2005D092F /* Debug */ = {
			isa = XCBuildConfiguration;
			buildSettings = {
				ALWAYS_SEARCH_USER_PATHS = NO;
				CLANG_ANALYZER_NONNULL = YES;
				CLANG_CXX_LANGUAGE_STANDARD = "gnu++0x";
				CLANG_CXX_LIBRARY = "libc++";
				CLANG_ENABLE_MODULES = YES;
				CLANG_ENABLE_OBJC_ARC = YES;
				CLANG_WARN_BOOL_CONVERSION = YES;
				CLANG_WARN_CONSTANT_CONVERSION = YES;
				CLANG_WARN_DIRECT_OBJC_ISA_USAGE = YES_ERROR;
				CLANG_WARN_EMPTY_BODY = YES;
				CLANG_WARN_ENUM_CONVERSION = YES;
				CLANG_WARN_INT_CONVERSION = YES;
				CLANG_WARN_OBJC_ROOT_CLASS = YES_ERROR;
				CLANG_WARN_UNREACHABLE_CODE = YES;
				CLANG_WARN__DUPLICATE_METHOD_MATCH = YES;
				"CODE_SIGN_IDENTITY[sdk=iphoneos*]" = "iPhone Developer";
				COPY_PHASE_STRIP = NO;
				DEBUG_INFORMATION_FORMAT = dwarf;
				ENABLE_STRICT_OBJC_MSGSEND = YES;
				ENABLE_TESTABILITY = YES;
				GCC_C_LANGUAGE_STANDARD = gnu99;
				GCC_DYNAMIC_NO_PIC = NO;
				GCC_NO_COMMON_BLOCKS = YES;
				GCC_OPTIMIZATION_LEVEL = 0;
				GCC_PREPROCESSOR_DEFINITIONS = (
					"DEBUG=1",
					"$(inherited)",
				);
				GCC_WARN_64_TO_32_BIT_CONVERSION = YES;
				GCC_WARN_ABOUT_RETURN_TYPE = YES_ERROR;
				GCC_WARN_UNDECLARED_SELECTOR = YES;
				GCC_WARN_UNINITIALIZED_AUTOS = YES_AGGRESSIVE;
				GCC_WARN_UNUSED_FUNCTION = YES;
				GCC_WARN_UNUSED_VARIABLE = YES;
				IPHONEOS_DEPLOYMENT_TARGET = 9.3;
				MTL_ENABLE_DEBUG_INFO = YES;
				ONLY_ACTIVE_ARCH = YES;
				SDKROOT = iphoneos;
				TARGETED_DEVICE_FAMILY = "1,2";
			};
			name = Debug;
		};
		E31529FC1CCFB6E2005D092F /* Release */ = {
			isa = XCBuildConfiguration;
			buildSettings = {
				ALWAYS_SEARCH_USER_PATHS = NO;
				CLANG_ANALYZER_NONNULL = YES;
				CLANG_CXX_LANGUAGE_STANDARD = "gnu++0x";
				CLANG_CXX_LIBRARY = "libc++";
				CLANG_ENABLE_MODULES = YES;
				CLANG_ENABLE_OBJC_ARC = YES;
				CLANG_WARN_BOOL_CONVERSION = YES;
				CLANG_WARN_CONSTANT_CONVERSION = YES;
				CLANG_WARN_DIRECT_OBJC_ISA_USAGE = YES_ERROR;
				CLANG_WARN_EMPTY_BODY = YES;
				CLANG_WARN_ENUM_CONVERSION = YES;
				CLANG_WARN_INT_CONVERSION = YES;
				CLANG_WARN_OBJC_ROOT_CLASS = YES_ERROR;
				CLANG_WARN_UNREACHABLE_CODE = YES;
				CLANG_WARN__DUPLICATE_METHOD_MATCH = YES;
				"CODE_SIGN_IDENTITY[sdk=iphoneos*]" = "iPhone Developer";
				COPY_PHASE_STRIP = NO;
				DEBUG_INFORMATION_FORMAT = "dwarf-with-dsym";
				ENABLE_NS_ASSERTIONS = NO;
				ENABLE_STRICT_OBJC_MSGSEND = YES;
				GCC_C_LANGUAGE_STANDARD = gnu99;
				GCC_NO_COMMON_BLOCKS = YES;
				GCC_WARN_64_TO_32_BIT_CONVERSION = YES;
				GCC_WARN_ABOUT_RETURN_TYPE = YES_ERROR;
				GCC_WARN_UNDECLARED_SELECTOR = YES;
				GCC_WARN_UNINITIALIZED_AUTOS = YES_AGGRESSIVE;
				GCC_WARN_UNUSED_FUNCTION = YES;
				GCC_WARN_UNUSED_VARIABLE = YES;
				IPHONEOS_DEPLOYMENT_TARGET = 9.3;
				MTL_ENABLE_DEBUG_INFO = NO;
				SDKROOT = iphoneos;
				TARGETED_DEVICE_FAMILY = "1,2";
				VALIDATE_PRODUCT = YES;
			};
			name = Release;
		};
		E31529FE1CCFB6E2005D092F /* Debug */ = {
			isa = XCBuildConfiguration;
			buildSettings = {
				ASSETCATALOG_COMPILER_APPICON_NAME = AppIcon;
				INFOPLIST_FILE = FormValidator/Info.plist;
				LD_RUNPATH_SEARCH_PATHS = "$(inherited) @executable_path/Frameworks";
				PRODUCT_BUNDLE_IDENTIFIER = com.dtssoftware.FormValidator;
				PRODUCT_NAME = "$(TARGET_NAME)";
			};
			name = Debug;
		};
		E31529FF1CCFB6E2005D092F /* Release */ = {
			isa = XCBuildConfiguration;
			buildSettings = {
				ASSETCATALOG_COMPILER_APPICON_NAME = AppIcon;
				INFOPLIST_FILE = FormValidator/Info.plist;
				LD_RUNPATH_SEARCH_PATHS = "$(inherited) @executable_path/Frameworks";
				PRODUCT_BUNDLE_IDENTIFIER = com.dtssoftware.FormValidator;
				PRODUCT_NAME = "$(TARGET_NAME)";
			};
			name = Release;
		};
/* End XCBuildConfiguration section */

/* Begin XCConfigurationList section */
		E31529E11CCFB6E1005D092F /* Build configuration list for PBXProject "FormValidator" */ = {
			isa = XCConfigurationList;
			buildConfigurations = (
				E31529FB1CCFB6E2005D092F /* Debug */,
				E31529FC1CCFB6E2005D092F /* Release */,
			);
			defaultConfigurationIsVisible = 0;
			defaultConfigurationName = Release;
		};
		E31529FD1CCFB6E2005D092F /* Build configuration list for PBXNativeTarget "FormValidator" */ = {
			isa = XCConfigurationList;
			buildConfigurations = (
				E31529FE1CCFB6E2005D092F /* Debug */,
				E31529FF1CCFB6E2005D092F /* Release */,
			);
			defaultConfigurationIsVisible = 0;
			defaultConfigurationName = Release;
		};
/* End XCConfigurationList section */
	};
	rootObject = E31529DE1CCFB6E1005D092F /* Project object */;
}
